
Microsoft Visual Studio Solution File, Format Version 12.00
# Visual Studio 15
VisualStudioVersion = 15.0.28010.2003
MinimumVisualStudioVersion = 10.0.40219.1
Project("{00D1A9C2-B5F0-4AF3-8072-F6C62B433612}") = "schema", "schema\schema.sqlproj", "{DB5CE281-E870-4D26-A8A9-7856D2F5A475}"
EndProject
Global
	GlobalSection(SolutionConfigurationPlatforms) = preSolution
		Debug|Any CPU = Debug|Any CPU
		Release|Any CPU = Release|Any CPU
	EndGlobalSection
	GlobalSection(ProjectConfigurationPlatforms) = postSolution
		{DB5CE281-E870-4D26-A8A9-7856D2F5A475}.Debug|Any CPU.ActiveCfg = Debug|Any CPU
		{DB5CE281-E870-4D26-A8A9-7856D2F5A475}.Debug|Any CPU.Build.0 = Debug|Any CPU
		{DB5CE281-E870-4D26-A8A9-7856D2F5A475}.Debug|Any CPU.Deploy.0 = Debug|Any CPU
		{DB5CE281-E870-4D26-A8A9-7856D2F5A475}.Release|Any CPU.ActiveCfg = Release|Any CPU
		{DB5CE281-E870-4D26-A8A9-7856D2F5A475}.Release|Any CPU.Build.0 = Release|Any CPU
		{DB5CE281-E870-4D26-A8A9-7856D2F5A475}.Release|Any CPU.Deploy.0 = Release|Any CPU
	EndGlobalSection
	GlobalSection(SolutionProperties) = preSolution
		HideSolutionNode = FALSE
	EndGlobalSection
	GlobalSection(ExtensibilityGlobals) = postSolution
		SolutionGuid = {FD91D49F-2A8E-4D77-9461-E369BDFC966F}
	EndGlobalSection
EndGlobal
